{
    "version": 3,
    "terraform_version": "0.9.11",
    "serial": 39,
    "lineage": "917956b0-b925-4ea8-ba3e-28b1a685323d",
    "modules": [
        {
            "path": [
                "root"
            ],
            "outputs": {
                "api_url": {
                    "sensitive": false,
                    "type": "string",
                    "value": "https://c4yobfugcc.execute-api.ap-northeast-1.amazonaws.com/v1"
                }
            },
            "resources": {},
            "depends_on": []
        },
        {
            "path": [
                "root",
                "api-gateway"
            ],
            "outputs": {
                "rest_api_url": {
                    "sensitive": false,
                    "type": "string",
                    "value": "https://c4yobfugcc.execute-api.ap-northeast-1.amazonaws.com/v1"
                }
            },
            "resources": {
                "aws_api_gateway_authorizer.moodindex-auth": {
                    "type": "aws_api_gateway_authorizer",
                    "depends_on": [
                        "aws_api_gateway_rest_api.moodindex-api",
                        "aws_iam_role.lambda"
                    ],
                    "primary": {
                        "id": "e6slq6",
                        "attributes": {
                            "authorizer_credentials": "arn:aws:iam::748453496130:role/lambda-authorizer",
                            "authorizer_result_ttl_in_seconds": "0",
                            "authorizer_uri": "arn:aws:apigateway:ap-northeast-1:lambda:path/2015-03-31/functions/arn:aws:lambda:ap-northeast-1:748453496130:function:moodindex-api_authorizer:current/invocations",
                            "id": "e6slq6",
                            "identity_source": "method.request.header.Authorization",
                            "identity_validation_expression": "",
                            "name": "moodindex-auth",
                            "rest_api_id": "c4yobfugcc",
                            "type": "TOKEN"
                        },
                        "meta": {},
                        "tainted": false
                    },
                    "deposed": [],
                    "provider": ""
                },
                "aws_api_gateway_deployment.moodindex-api-deployment": {
                    "type": "aws_api_gateway_deployment",
                    "depends_on": [
                        "aws_api_gateway_method.create-mood",
                        "aws_api_gateway_method.list-moods",
                        "aws_api_gateway_rest_api.moodindex-api"
                    ],
                    "primary": {
                        "id": "mahd1m",
                        "attributes": {
                            "created_date": "2017-07-05T20:02:53Z",
                            "description": "",
                            "execution_arn": "arn:aws:execute-api:ap-northeast-1:748453496130:c4yobfugcc/v1",
                            "id": "mahd1m",
                            "invoke_url": "https://c4yobfugcc.execute-api.ap-northeast-1.amazonaws.com/v1",
                            "rest_api_id": "c4yobfugcc",
                            "stage_name": "v1"
                        },
                        "meta": {},
                        "tainted": false
                    },
                    "deposed": [],
                    "provider": ""
                },
                "aws_api_gateway_integration.create-mood-integration": {
                    "type": "aws_api_gateway_integration",
                    "depends_on": [
                        "aws_api_gateway_resource.moods",
                        "aws_api_gateway_rest_api.moodindex-api"
                    ],
                    "primary": {
                        "id": "agi-c4yobfugcc-wqiunj-POST",
                        "attributes": {
                            "http_method": "POST",
                            "id": "agi-c4yobfugcc-wqiunj-POST",
                            "integration_http_method": "POST",
                            "passthrough_behavior": "WHEN_NO_MATCH",
                            "request_parameters.%": "0",
                            "request_templates.%": "1",
                            "request_templates.application/json": "    {\n      \"principalId\": \"$context.authorizer.principalId\",\n      \"mood\": $input.json('$')\n    }\n",
                            "resource_id": "wqiunj",
                            "rest_api_id": "c4yobfugcc",
                            "type": "AWS",
                            "uri": "arn:aws:apigateway:ap-northeast-1:lambda:path/2015-03-31/functions/arn:aws:lambda:ap-northeast-1:748453496130:function:moodindex-api_createmood:current/invocations"
                        },
                        "meta": {},
                        "tainted": false
                    },
                    "deposed": [],
                    "provider": ""
                },
                "aws_api_gateway_integration.list-moods-integration": {
                    "type": "aws_api_gateway_integration",
                    "depends_on": [
                        "aws_api_gateway_resource.moods",
                        "aws_api_gateway_rest_api.moodindex-api"
                    ],
                    "primary": {
                        "id": "agi-c4yobfugcc-wqiunj-GET",
                        "attributes": {
                            "http_method": "GET",
                            "id": "agi-c4yobfugcc-wqiunj-GET",
                            "integration_http_method": "POST",
                            "passthrough_behavior": "WHEN_NO_MATCH",
                            "request_parameters.%": "0",
                            "request_templates.%": "1",
                            "request_templates.application/json": "    {\n      \"queryParams\": {\n        \"pageSize\": \"$input.params('pageSize')\",\n        \"currentIndex\": {\n          \"ownerId\": \"$input.params('ownerId')\",\n          \"created\": \"$input.params('created')\"\n        }\n      }\n    }\n",
                            "resource_id": "wqiunj",
                            "rest_api_id": "c4yobfugcc",
                            "type": "AWS",
                            "uri": "arn:aws:apigateway:ap-northeast-1:lambda:path/2015-03-31/functions/arn:aws:lambda:ap-northeast-1:748453496130:function:moodindex-api_listmoods:current/invocations"
                        },
                        "meta": {},
                        "tainted": false
                    },
                    "deposed": [],
                    "provider": ""
                },
                "aws_api_gateway_integration_response.create-mood-integration-response200": {
                    "type": "aws_api_gateway_integration_response",
                    "depends_on": [
                        "aws_api_gateway_integration.create-mood-integration",
                        "aws_api_gateway_method_response.create-mood-200-response",
                        "aws_api_gateway_resource.moods",
                        "aws_api_gateway_rest_api.moodindex-api"
                    ],
                    "primary": {
                        "id": "agir-c4yobfugcc-wqiunj-POST-200",
                        "attributes": {
                            "http_method": "POST",
                            "id": "agir-c4yobfugcc-wqiunj-POST-200",
                            "resource_id": "wqiunj",
                            "response_parameters.%": "1",
                            "response_parameters.method.response.header.Access-Control-Allow-Origin": "'*'",
                            "response_templates.%": "1",
                            "response_templates.application/json": "    {\n      \"body\": $input.json('$')\n    }\n",
                            "rest_api_id": "c4yobfugcc",
                            "selection_pattern": "",
                            "status_code": "200"
                        },
                        "meta": {},
                        "tainted": false
                    },
                    "deposed": [],
                    "provider": ""
                },
                "aws_api_gateway_integration_response.create-mood-integration-response400": {
                    "type": "aws_api_gateway_integration_response",
                    "depends_on": [
                        "aws_api_gateway_integration.create-mood-integration",
                        "aws_api_gateway_method_response.create-mood-400-response",
                        "aws_api_gateway_resource.moods",
                        "aws_api_gateway_rest_api.moodindex-api"
                    ],
                    "primary": {
                        "id": "agir-c4yobfugcc-wqiunj-POST-400",
                        "attributes": {
                            "http_method": "POST",
                            "id": "agir-c4yobfugcc-wqiunj-POST-400",
                            "resource_id": "wqiunj",
                            "response_parameters.%": "1",
                            "response_parameters.method.response.header.Access-Control-Allow-Origin": "'*'",
                            "response_templates.%": "1",
                            "response_templates.application/json": "  #set ($errorMessageObj = $util.parseJson($input.path('$.errorMessage')) {\n    \"message\" : \"$errorMessageObj.message\"\n  }\n",
                            "rest_api_id": "c4yobfugcc",
                            "selection_pattern": ".*\"NotFound\".*",
                            "status_code": "400"
                        },
                        "meta": {},
                        "tainted": false
                    },
                    "deposed": [],
                    "provider": ""
                },
                "aws_api_gateway_integration_response.list-moods-integration-response200": {
                    "type": "aws_api_gateway_integration_response",
                    "depends_on": [
                        "aws_api_gateway_integration.list-moods-integration",
                        "aws_api_gateway_method_response.list-moods-200-response",
                        "aws_api_gateway_resource.moods",
                        "aws_api_gateway_rest_api.moodindex-api"
                    ],
                    "primary": {
                        "id": "agir-c4yobfugcc-wqiunj-GET-200",
                        "attributes": {
                            "http_method": "GET",
                            "id": "agir-c4yobfugcc-wqiunj-GET-200",
                            "resource_id": "wqiunj",
                            "response_parameters.%": "1",
                            "response_parameters.method.response.header.Access-Control-Allow-Origin": "'*'",
                            "response_templates.%": "1",
                            "response_templates.application/json": "    \"$input.json('$')\"\n",
                            "rest_api_id": "c4yobfugcc",
                            "selection_pattern": "",
                            "status_code": "200"
                        },
                        "meta": {},
                        "tainted": false
                    },
                    "deposed": [],
                    "provider": ""
                },
                "aws_api_gateway_integration_response.list-moods-integration-response400": {
                    "type": "aws_api_gateway_integration_response",
                    "depends_on": [
                        "aws_api_gateway_integration.list-moods-integration",
                        "aws_api_gateway_method_response.list-moods-400-response",
                        "aws_api_gateway_resource.moods",
                        "aws_api_gateway_rest_api.moodindex-api"
                    ],
                    "primary": {
                        "id": "agir-c4yobfugcc-wqiunj-GET-400",
                        "attributes": {
                            "http_method": "GET",
                            "id": "agir-c4yobfugcc-wqiunj-GET-400",
                            "resource_id": "wqiunj",
                            "response_parameters.%": "1",
                            "response_parameters.method.response.header.Access-Control-Allow-Origin": "'*'",
                            "response_templates.%": "1",
                            "response_templates.application/json": "  #set ($errorMessageObj = $util.parseJson($input.path('$.errorMessage')) {\n    \"message\" : \"$errorMessageObj.message\"\n  }\n",
                            "rest_api_id": "c4yobfugcc",
                            "selection_pattern": ".*\"NotFound\".*",
                            "status_code": "400"
                        },
                        "meta": {},
                        "tainted": false
                    },
                    "deposed": [],
                    "provider": ""
                },
                "aws_api_gateway_method.create-mood": {
                    "type": "aws_api_gateway_method",
                    "depends_on": [
                        "aws_api_gateway_authorizer.moodindex-auth",
                        "aws_api_gateway_resource.moods",
                        "aws_api_gateway_rest_api.moodindex-api"
                    ],
                    "primary": {
                        "id": "agm-c4yobfugcc-wqiunj-POST",
                        "attributes": {
                            "api_key_required": "false",
                            "authorization": "CUSTOM",
                            "authorizer_id": "e6slq6",
                            "http_method": "POST",
                            "id": "agm-c4yobfugcc-wqiunj-POST",
                            "request_models.%": "0",
                            "request_parameters.%": "1",
                            "request_parameters.method.request.header.Authorization": "true",
                            "resource_id": "wqiunj",
                            "rest_api_id": "c4yobfugcc"
                        },
                        "meta": {},
                        "tainted": false
                    },
                    "deposed": [],
                    "provider": ""
                },
                "aws_api_gateway_method.list-moods": {
                    "type": "aws_api_gateway_method",
                    "depends_on": [
                        "aws_api_gateway_resource.moods",
                        "aws_api_gateway_rest_api.moodindex-api"
                    ],
                    "primary": {
                        "id": "agm-c4yobfugcc-wqiunj-GET",
                        "attributes": {
                            "api_key_required": "false",
                            "authorization": "NONE",
                            "authorizer_id": "",
                            "http_method": "GET",
                            "id": "agm-c4yobfugcc-wqiunj-GET",
                            "request_models.%": "0",
                            "request_parameters.%": "4",
                            "request_parameters.method.request.header.Authorization": "true",
                            "request_parameters.method.request.querystring.created": "true",
                            "request_parameters.method.request.querystring.ownerId": "true",
                            "request_parameters.method.request.querystring.pageSize": "true",
                            "resource_id": "wqiunj",
                            "rest_api_id": "c4yobfugcc"
                        },
                        "meta": {},
                        "tainted": false
                    },
                    "deposed": [],
                    "provider": ""
                },
                "aws_api_gateway_method_response.create-mood-200-response": {
                    "type": "aws_api_gateway_method_response",
                    "depends_on": [
                        "aws_api_gateway_integration.create-mood-integration",
                        "aws_api_gateway_resource.moods",
                        "aws_api_gateway_rest_api.moodindex-api"
                    ],
                    "primary": {
                        "id": "agmr-c4yobfugcc-wqiunj-POST-200",
                        "attributes": {
                            "http_method": "POST",
                            "id": "agmr-c4yobfugcc-wqiunj-POST-200",
                            "resource_id": "wqiunj",
                            "response_models.%": "0",
                            "response_parameters.%": "1",
                            "response_parameters.method.response.header.Access-Control-Allow-Origin": "true",
                            "rest_api_id": "c4yobfugcc",
                            "status_code": "200"
                        },
                        "meta": {},
                        "tainted": false
                    },
                    "deposed": [],
                    "provider": ""
                },
                "aws_api_gateway_method_response.create-mood-400-response": {
                    "type": "aws_api_gateway_method_response",
                    "depends_on": [
                        "aws_api_gateway_integration.create-mood-integration",
                        "aws_api_gateway_resource.moods",
                        "aws_api_gateway_rest_api.moodindex-api"
                    ],
                    "primary": {
                        "id": "agmr-c4yobfugcc-wqiunj-POST-400",
                        "attributes": {
                            "http_method": "POST",
                            "id": "agmr-c4yobfugcc-wqiunj-POST-400",
                            "resource_id": "wqiunj",
                            "response_models.%": "1",
                            "response_models.application/json": "Error",
                            "response_parameters.%": "1",
                            "response_parameters.method.response.header.Access-Control-Allow-Origin": "true",
                            "rest_api_id": "c4yobfugcc",
                            "status_code": "400"
                        },
                        "meta": {},
                        "tainted": false
                    },
                    "deposed": [],
                    "provider": ""
                },
                "aws_api_gateway_method_response.list-moods-200-response": {
                    "type": "aws_api_gateway_method_response",
                    "depends_on": [
                        "aws_api_gateway_method.list-moods",
                        "aws_api_gateway_resource.moods",
                        "aws_api_gateway_rest_api.moodindex-api"
                    ],
                    "primary": {
                        "id": "agmr-c4yobfugcc-wqiunj-GET-200",
                        "attributes": {
                            "http_method": "GET",
                            "id": "agmr-c4yobfugcc-wqiunj-GET-200",
                            "resource_id": "wqiunj",
                            "response_models.%": "0",
                            "response_parameters.%": "1",
                            "response_parameters.method.response.header.Access-Control-Allow-Origin": "true",
                            "rest_api_id": "c4yobfugcc",
                            "status_code": "200"
                        },
                        "meta": {},
                        "tainted": false
                    },
                    "deposed": [],
                    "provider": ""
                },
                "aws_api_gateway_method_response.list-moods-400-response": {
                    "type": "aws_api_gateway_method_response",
                    "depends_on": [
                        "aws_api_gateway_method.list-moods",
                        "aws_api_gateway_resource.moods",
                        "aws_api_gateway_rest_api.moodindex-api"
                    ],
                    "primary": {
                        "id": "agmr-c4yobfugcc-wqiunj-GET-400",
                        "attributes": {
                            "http_method": "GET",
                            "id": "agmr-c4yobfugcc-wqiunj-GET-400",
                            "resource_id": "wqiunj",
                            "response_models.%": "1",
                            "response_models.application/json": "Error",
                            "response_parameters.%": "1",
                            "response_parameters.method.response.header.Access-Control-Allow-Origin": "true",
                            "rest_api_id": "c4yobfugcc",
                            "status_code": "400"
                        },
                        "meta": {},
                        "tainted": false
                    },
                    "deposed": [],
                    "provider": ""
                },
                "aws_api_gateway_resource.mood-by-id": {
                    "type": "aws_api_gateway_resource",
                    "depends_on": [
                        "aws_api_gateway_resource.moods",
                        "aws_api_gateway_rest_api.moodindex-api"
                    ],
                    "primary": {
                        "id": "xp20fm",
                        "attributes": {
                            "id": "xp20fm",
                            "parent_id": "wqiunj",
                            "path": "/moods/{moodId}",
                            "path_part": "{moodId}",
                            "rest_api_id": "c4yobfugcc"
                        },
                        "meta": {},
                        "tainted": false
                    },
                    "deposed": [],
                    "provider": ""
                },
                "aws_api_gateway_resource.mood-reacts": {
                    "type": "aws_api_gateway_resource",
                    "depends_on": [
                        "aws_api_gateway_resource.mood-by-id",
                        "aws_api_gateway_resource.moods",
                        "aws_api_gateway_rest_api.moodindex-api"
                    ],
                    "primary": {
                        "id": "uc2pnm",
                        "attributes": {
                            "id": "uc2pnm",
                            "parent_id": "xp20fm",
                            "path": "/moods/{moodId}/reacts",
                            "path_part": "reacts",
                            "rest_api_id": "c4yobfugcc"
                        },
                        "meta": {},
                        "tainted": false
                    },
                    "deposed": [],
                    "provider": ""
                },
                "aws_api_gateway_resource.moods": {
                    "type": "aws_api_gateway_resource",
                    "depends_on": [
                        "aws_api_gateway_rest_api.moodindex-api"
                    ],
                    "primary": {
                        "id": "wqiunj",
                        "attributes": {
                            "id": "wqiunj",
                            "parent_id": "x0tk3u650j",
                            "path": "/moods",
                            "path_part": "moods",
                            "rest_api_id": "c4yobfugcc"
                        },
                        "meta": {},
                        "tainted": false
                    },
                    "deposed": [],
                    "provider": ""
                },
                "aws_api_gateway_resource.user-by-id": {
                    "type": "aws_api_gateway_resource",
                    "depends_on": [
                        "aws_api_gateway_resource.users",
                        "aws_api_gateway_rest_api.moodindex-api"
                    ],
                    "primary": {
                        "id": "8utozs",
                        "attributes": {
                            "id": "8utozs",
                            "parent_id": "lgfe9a",
                            "path": "/users/{userId}",
                            "path_part": "{userId}",
                            "rest_api_id": "c4yobfugcc"
                        },
                        "meta": {},
                        "tainted": false
                    },
                    "deposed": [],
                    "provider": ""
                },
                "aws_api_gateway_resource.users": {
                    "type": "aws_api_gateway_resource",
                    "depends_on": [
                        "aws_api_gateway_rest_api.moodindex-api"
                    ],
                    "primary": {
                        "id": "lgfe9a",
                        "attributes": {
                            "id": "lgfe9a",
                            "parent_id": "x0tk3u650j",
                            "path": "/users",
                            "path_part": "users",
                            "rest_api_id": "c4yobfugcc"
                        },
                        "meta": {},
                        "tainted": false
                    },
                    "deposed": [],
                    "provider": ""
                },
                "aws_api_gateway_rest_api.moodindex-api": {
                    "type": "aws_api_gateway_rest_api",
                    "depends_on": [],
                    "primary": {
                        "id": "c4yobfugcc",
                        "attributes": {
                            "binary_media_types.#": "0",
                            "created_date": "2017-07-05T19:58:10Z",
                            "description": "Mood Index dev API",
                            "id": "c4yobfugcc",
                            "name": "moodindex",
                            "root_resource_id": "x0tk3u650j"
                        },
                        "meta": {},
                        "tainted": false
                    },
                    "deposed": [],
                    "provider": ""
                },
                "aws_iam_role.lambda": {
                    "type": "aws_iam_role",
                    "depends_on": [],
                    "primary": {
                        "id": "lambda-authorizer",
                        "attributes": {
                            "arn": "arn:aws:iam::748453496130:role/lambda-authorizer",
                            "assume_role_policy": "{\"Version\":\"2012-10-17\",\"Statement\":[{\"Sid\":\"\",\"Effect\":\"Allow\",\"Principal\":{\"Service\":\"apigateway.amazonaws.com\"},\"Action\":\"sts:AssumeRole\"}]}",
                            "create_date": "2017-07-05T19:58:09Z",
                            "id": "lambda-authorizer",
                            "name": "lambda-authorizer",
                            "path": "/",
                            "unique_id": "AROAID23NLSS2YF2JGZWC"
                        },
                        "meta": {},
                        "tainted": false
                    },
                    "deposed": [],
                    "provider": ""
                },
                "aws_iam_role_policy_attachment.attach-lambda-auth-policy": {
                    "type": "aws_iam_role_policy_attachment",
                    "depends_on": [
                        "aws_iam_role.lambda"
                    ],
                    "primary": {
                        "id": "lambda-authorizer-00a11a578127e37b00c9827486",
                        "attributes": {
                            "id": "lambda-authorizer-00a11a578127e37b00c9827486",
                            "policy_arn": "arn:aws:iam::748453496130:policy/LambdaAuthorizer",
                            "role": "lambda-authorizer"
                        },
                        "meta": {},
                        "tainted": false
                    },
                    "deposed": [],
                    "provider": ""
                },
                "aws_lambda_permission.apigw_lambda": {
                    "type": "aws_lambda_permission",
                    "depends_on": [
                        "aws_api_gateway_method.list-moods",
                        "aws_api_gateway_rest_api.moodindex-api"
                    ],
                    "primary": {
                        "id": "AllowExecutionFromAPIGateway",
                        "attributes": {
                            "action": "lambda:InvokeFunction",
                            "function_name": "arn:aws:lambda:ap-northeast-1:748453496130:function:moodindex-api_listmoods",
                            "id": "AllowExecutionFromAPIGateway",
                            "principal": "apigateway.amazonaws.com",
                            "qualifier": "current",
                            "source_arn": "arn:aws:execute-api:ap-northeast-1:748453496130:c4yobfugcc/*/GET/*",
                            "statement_id": "AllowExecutionFromAPIGateway"
                        },
                        "meta": {},
                        "tainted": false
                    },
                    "deposed": [],
                    "provider": ""
                },
                "aws_lambda_permission.apigw_lambda_post_mood": {
                    "type": "aws_lambda_permission",
                    "depends_on": [
                        "aws_api_gateway_method.create-mood",
                        "aws_api_gateway_rest_api.moodindex-api"
                    ],
                    "primary": {
                        "id": "AllowExecutionFromAPIGateway",
                        "attributes": {
                            "action": "lambda:InvokeFunction",
                            "function_name": "arn:aws:lambda:ap-northeast-1:748453496130:function:moodindex-api_createmood",
                            "id": "AllowExecutionFromAPIGateway",
                            "principal": "apigateway.amazonaws.com",
                            "qualifier": "current",
                            "source_arn": "arn:aws:execute-api:ap-northeast-1:748453496130:c4yobfugcc/*/POST/*",
                            "statement_id": "AllowExecutionFromAPIGateway"
                        },
                        "meta": {},
                        "tainted": false
                    },
                    "deposed": [],
                    "provider": ""
                }
            },
            "depends_on": []
        },
        {
            "path": [
                "root",
                "db-tables"
            ],
            "outputs": {},
            "resources": {
                "aws_dynamodb_table.access-policies-table": {
                    "type": "aws_dynamodb_table",
                    "depends_on": [],
                    "primary": {
                        "id": "AccessPolicies",
                        "attributes": {
                            "arn": "arn:aws:dynamodb:ap-northeast-1:748453496130:table/AccessPolicies",
                            "attribute.#": "2",
                            "attribute.4228504427.name": "id",
                            "attribute.4228504427.type": "S",
                            "attribute.864478741.name": "userType",
                            "attribute.864478741.type": "S",
                            "global_secondary_index.#": "0",
                            "hash_key": "userType",
                            "id": "AccessPolicies",
                            "local_secondary_index.#": "0",
                            "name": "AccessPolicies",
                            "range_key": "id",
                            "read_capacity": "10",
                            "tags.%": "1",
                            "tags.ENVIRONMENT": "moodindex-api",
                            "write_capacity": "10"
                        },
                        "meta": {
                            "schema_version": "1"
                        },
                        "tainted": false
                    },
                    "deposed": [],
                    "provider": ""
                },
                "aws_dynamodb_table.moods-table": {
                    "type": "aws_dynamodb_table",
                    "depends_on": [],
                    "primary": {
                        "id": "Moods",
                        "attributes": {
                            "arn": "arn:aws:dynamodb:ap-northeast-1:748453496130:table/Moods",
                            "attribute.#": "3",
                            "attribute.1389737457.name": "created",
                            "attribute.1389737457.type": "S",
                            "attribute.3061067797.name": "value",
                            "attribute.3061067797.type": "N",
                            "attribute.3694737730.name": "ownerId",
                            "attribute.3694737730.type": "S",
                            "global_secondary_index.#": "1",
                            "global_secondary_index.2190015596.hash_key": "value",
                            "global_secondary_index.2190015596.name": "valueIndex",
                            "global_secondary_index.2190015596.non_key_attributes.#": "0",
                            "global_secondary_index.2190015596.projection_type": "KEYS_ONLY",
                            "global_secondary_index.2190015596.range_key": "",
                            "global_secondary_index.2190015596.read_capacity": "10",
                            "global_secondary_index.2190015596.write_capacity": "10",
                            "hash_key": "ownerId",
                            "id": "Moods",
                            "local_secondary_index.#": "0",
                            "name": "Moods",
                            "range_key": "created",
                            "read_capacity": "10",
                            "tags.%": "1",
                            "tags.ENVIRONMENT": "moodindex-api",
                            "write_capacity": "10"
                        },
                        "meta": {
                            "schema_version": "1"
                        },
                        "tainted": false
                    },
                    "deposed": [],
                    "provider": ""
                },
                "aws_dynamodb_table.reacts-table": {
                    "type": "aws_dynamodb_table",
                    "depends_on": [],
                    "primary": {
                        "id": "Reacts",
                        "attributes": {
                            "arn": "arn:aws:dynamodb:ap-northeast-1:748453496130:table/Reacts",
                            "attribute.#": "3",
                            "attribute.3061067797.name": "value",
                            "attribute.3061067797.type": "N",
                            "attribute.3694737730.name": "ownerId",
                            "attribute.3694737730.type": "S",
                            "attribute.4228504427.name": "id",
                            "attribute.4228504427.type": "S",
                            "global_secondary_index.#": "0",
                            "hash_key": "id",
                            "id": "Reacts",
                            "local_secondary_index.#": "1",
                            "local_secondary_index.2456329352.name": "valueIndex",
                            "local_secondary_index.2456329352.non_key_attributes.#": "0",
                            "local_secondary_index.2456329352.projection_type": "KEYS_ONLY",
                            "local_secondary_index.2456329352.range_key": "value",
                            "name": "Reacts",
                            "range_key": "ownerId",
                            "read_capacity": "10",
                            "tags.%": "1",
                            "tags.ENVIRONMENT": "moodindex-api",
                            "write_capacity": "10"
                        },
                        "meta": {
                            "schema_version": "1"
                        },
                        "tainted": false
                    },
                    "deposed": [],
                    "provider": ""
                },
                "aws_dynamodb_table.users-table": {
                    "type": "aws_dynamodb_table",
                    "depends_on": [],
                    "primary": {
                        "id": "Users",
                        "attributes": {
                            "arn": "arn:aws:dynamodb:ap-northeast-1:748453496130:table/Users",
                            "attribute.#": "2",
                            "attribute.1497631073.name": "username",
                            "attribute.1497631073.type": "S",
                            "attribute.4228504427.name": "id",
                            "attribute.4228504427.type": "S",
                            "global_secondary_index.#": "1",
                            "global_secondary_index.3883555434.hash_key": "username",
                            "global_secondary_index.3883555434.name": "usernameIndex",
                            "global_secondary_index.3883555434.non_key_attributes.#": "1",
                            "global_secondary_index.3883555434.non_key_attributes.0": "password",
                            "global_secondary_index.3883555434.projection_type": "INCLUDE",
                            "global_secondary_index.3883555434.range_key": "",
                            "global_secondary_index.3883555434.read_capacity": "10",
                            "global_secondary_index.3883555434.write_capacity": "10",
                            "hash_key": "id",
                            "id": "Users",
                            "local_secondary_index.#": "0",
                            "name": "Users",
                            "read_capacity": "10",
                            "tags.%": "1",
                            "tags.ENVIRONMENT": "moodindex-api",
                            "write_capacity": "10"
                        },
                        "meta": {
                            "schema_version": "1"
                        },
                        "tainted": false
                    },
                    "deposed": [],
                    "provider": ""
                }
            },
            "depends_on": []
        },
        {
            "path": [
                "root",
                "db_tables"
            ],
            "outputs": {},
            "resources": {},
            "depends_on": []
        }
    ]
}
