{
    "version": 3,
    "terraform_version": "0.9.11",
    "serial": 10,
    "lineage": "917956b0-b925-4ea8-ba3e-28b1a685323d",
    "modules": [
        {
            "path": [
                "root"
            ],
            "outputs": {},
            "resources": {},
            "depends_on": []
        },
        {
            "path": [
                "root",
                "api-gateway"
            ],
            "outputs": {},
            "resources": {
                "aws_api_gateway_authorizer.moodindex-auth": {
                    "type": "aws_api_gateway_authorizer",
                    "depends_on": [
                        "aws_api_gateway_rest_api.moodindex-api",
                        "aws_iam_role.lambda"
                    ],
                    "primary": {
                        "id": "l24dr1",
                        "attributes": {
                            "authorizer_credentials": "arn:aws:iam::748453496130:role/lambda-authorizer",
                            "authorizer_result_ttl_in_seconds": "0",
                            "authorizer_uri": "arn:aws:apigateway:ap-northeast-1:lambda:path/2015-03-31/functions/arn:aws:lambda:ap-northeast-1:748453496130:function:moodindex-api_authorizer:$LATEST/invocations",
                            "id": "l24dr1",
                            "identity_source": "method.request.header.Authorization",
                            "identity_validation_expression": "",
                            "name": "moodindex-auth",
                            "rest_api_id": "iam815v318",
                            "type": "TOKEN"
                        },
                        "meta": {},
                        "tainted": false
                    },
                    "deposed": [],
                    "provider": ""
                },
                "aws_api_gateway_method.create-mood": {
                    "type": "aws_api_gateway_method",
                    "depends_on": [
                        "aws_api_gateway_authorizer.moodindex-auth",
                        "aws_api_gateway_resource.moods",
                        "aws_api_gateway_rest_api.moodindex-api"
                    ],
                    "primary": {
                        "id": "agm-iam815v318-gh6nl6-POST",
                        "attributes": {
                            "api_key_required": "false",
                            "authorization": "CUSTOM",
                            "authorizer_id": "l24dr1",
                            "http_method": "POST",
                            "id": "agm-iam815v318-gh6nl6-POST",
                            "request_parameters.%": "1",
                            "request_parameters.method.request.header.Authorization": "true",
                            "resource_id": "gh6nl6",
                            "rest_api_id": "iam815v318"
                        },
                        "meta": {},
                        "tainted": false
                    },
                    "deposed": [],
                    "provider": ""
                },
                "aws_api_gateway_method.list-moods": {
                    "type": "aws_api_gateway_method",
                    "depends_on": [
                        "aws_api_gateway_authorizer.moodindex-auth",
                        "aws_api_gateway_resource.moods",
                        "aws_api_gateway_rest_api.moodindex-api"
                    ],
                    "primary": {
                        "id": "agm-iam815v318-gh6nl6-GET",
                        "attributes": {
                            "api_key_required": "false",
                            "authorization": "CUSTOM",
                            "authorizer_id": "l24dr1",
                            "http_method": "GET",
                            "id": "agm-iam815v318-gh6nl6-GET",
                            "request_parameters.%": "1",
                            "request_parameters.method.request.header.Authorization": "true",
                            "resource_id": "gh6nl6",
                            "rest_api_id": "iam815v318"
                        },
                        "meta": {},
                        "tainted": false
                    },
                    "deposed": [],
                    "provider": ""
                },
                "aws_api_gateway_method_response.list-moods-200-response": {
                    "type": "aws_api_gateway_method_response",
                    "depends_on": [
                        "aws_api_gateway_method.list-moods",
                        "aws_api_gateway_resource.moods",
                        "aws_api_gateway_rest_api.moodindex-api"
                    ],
                    "primary": {
                        "id": "agmr-iam815v318-gh6nl6-GET-200",
                        "attributes": {
                            "http_method": "GET",
                            "id": "agmr-iam815v318-gh6nl6-GET-200",
                            "resource_id": "gh6nl6",
                            "response_parameters.%": "1",
                            "response_parameters.method.response.header.Access-Control-Allow-Origin": "true",
                            "rest_api_id": "iam815v318",
                            "status_code": "200"
                        },
                        "meta": {},
                        "tainted": false
                    },
                    "deposed": [],
                    "provider": ""
                },
                "aws_api_gateway_method_response.list-moods-400-response": {
                    "type": "aws_api_gateway_method_response",
                    "depends_on": [
                        "aws_api_gateway_method.list-moods",
                        "aws_api_gateway_resource.moods",
                        "aws_api_gateway_rest_api.moodindex-api"
                    ],
                    "primary": {
                        "id": "agmr-iam815v318-gh6nl6-GET-400",
                        "attributes": {
                            "http_method": "GET",
                            "id": "agmr-iam815v318-gh6nl6-GET-400",
                            "resource_id": "gh6nl6",
                            "response_models.%": "1",
                            "response_models.application/json": "Error",
                            "response_parameters.%": "1",
                            "response_parameters.method.response.header.Access-Control-Allow-Origin": "true",
                            "rest_api_id": "iam815v318",
                            "status_code": "400"
                        },
                        "meta": {},
                        "tainted": false
                    },
                    "deposed": [],
                    "provider": ""
                },
                "aws_api_gateway_resource.mood-by-id": {
                    "type": "aws_api_gateway_resource",
                    "depends_on": [
                        "aws_api_gateway_resource.moods",
                        "aws_api_gateway_rest_api.moodindex-api"
                    ],
                    "primary": {
                        "id": "f227e5",
                        "attributes": {
                            "id": "f227e5",
                            "parent_id": "gh6nl6",
                            "path": "/moods/{moodId}",
                            "path_part": "{moodId}",
                            "rest_api_id": "iam815v318"
                        },
                        "meta": {},
                        "tainted": false
                    },
                    "deposed": [],
                    "provider": ""
                },
                "aws_api_gateway_resource.mood-reacts": {
                    "type": "aws_api_gateway_resource",
                    "depends_on": [
                        "aws_api_gateway_resource.mood-by-id",
                        "aws_api_gateway_resource.moods",
                        "aws_api_gateway_rest_api.moodindex-api"
                    ],
                    "primary": {
                        "id": "7oi3q4",
                        "attributes": {
                            "id": "7oi3q4",
                            "parent_id": "f227e5",
                            "path": "/moods/{moodId}/reacts",
                            "path_part": "reacts",
                            "rest_api_id": "iam815v318"
                        },
                        "meta": {},
                        "tainted": false
                    },
                    "deposed": [],
                    "provider": ""
                },
                "aws_api_gateway_resource.moods": {
                    "type": "aws_api_gateway_resource",
                    "depends_on": [
                        "aws_api_gateway_rest_api.moodindex-api"
                    ],
                    "primary": {
                        "id": "gh6nl6",
                        "attributes": {
                            "id": "gh6nl6",
                            "parent_id": "zi5s847bsj",
                            "path": "/moods",
                            "path_part": "moods",
                            "rest_api_id": "iam815v318"
                        },
                        "meta": {},
                        "tainted": false
                    },
                    "deposed": [],
                    "provider": ""
                },
                "aws_api_gateway_resource.user-by-id": {
                    "type": "aws_api_gateway_resource",
                    "depends_on": [
                        "aws_api_gateway_resource.users",
                        "aws_api_gateway_rest_api.moodindex-api"
                    ],
                    "primary": {
                        "id": "8weh64",
                        "attributes": {
                            "id": "8weh64",
                            "parent_id": "u6jwyt",
                            "path": "/users/{userId}",
                            "path_part": "{userId}",
                            "rest_api_id": "iam815v318"
                        },
                        "meta": {},
                        "tainted": false
                    },
                    "deposed": [],
                    "provider": ""
                },
                "aws_api_gateway_resource.users": {
                    "type": "aws_api_gateway_resource",
                    "depends_on": [
                        "aws_api_gateway_rest_api.moodindex-api"
                    ],
                    "primary": {
                        "id": "u6jwyt",
                        "attributes": {
                            "id": "u6jwyt",
                            "parent_id": "zi5s847bsj",
                            "path": "/users",
                            "path_part": "users",
                            "rest_api_id": "iam815v318"
                        },
                        "meta": {},
                        "tainted": false
                    },
                    "deposed": [],
                    "provider": ""
                },
                "aws_api_gateway_rest_api.moodindex-api": {
                    "type": "aws_api_gateway_rest_api",
                    "depends_on": [],
                    "primary": {
                        "id": "iam815v318",
                        "attributes": {
                            "binary_media_types.#": "0",
                            "created_date": "2017-07-05T09:07:55Z",
                            "description": "Mood Index dev API",
                            "id": "iam815v318",
                            "name": "moodindex",
                            "root_resource_id": "zi5s847bsj"
                        },
                        "meta": {},
                        "tainted": false
                    },
                    "deposed": [],
                    "provider": ""
                },
                "aws_iam_role.lambda": {
                    "type": "aws_iam_role",
                    "depends_on": [],
                    "primary": {
                        "id": "lambda-authorizer",
                        "attributes": {
                            "arn": "arn:aws:iam::748453496130:role/lambda-authorizer",
                            "assume_role_policy": "{\"Version\":\"2012-10-17\",\"Statement\":[{\"Sid\":\"\",\"Effect\":\"Allow\",\"Principal\":{\"Service\":\"apigateway.amazonaws.com\"},\"Action\":\"sts:AssumeRole\"}]}",
                            "create_date": "2017-07-05T09:07:54Z",
                            "id": "lambda-authorizer",
                            "name": "lambda-authorizer",
                            "path": "/",
                            "unique_id": "AROAIVWDIHUNJIOCLBNZC"
                        },
                        "meta": {},
                        "tainted": false
                    },
                    "deposed": [],
                    "provider": ""
                }
            },
            "depends_on": []
        },
        {
            "path": [
                "root",
                "db-tables"
            ],
            "outputs": {},
            "resources": {
                "aws_dynamodb_table.access-policies-table": {
                    "type": "aws_dynamodb_table",
                    "depends_on": [],
                    "primary": {
                        "id": "AccessPolicies",
                        "attributes": {
                            "arn": "arn:aws:dynamodb:ap-northeast-1:748453496130:table/AccessPolicies",
                            "attribute.#": "2",
                            "attribute.4228504427.name": "id",
                            "attribute.4228504427.type": "S",
                            "attribute.864478741.name": "userType",
                            "attribute.864478741.type": "S",
                            "global_secondary_index.#": "0",
                            "hash_key": "userType",
                            "id": "AccessPolicies",
                            "local_secondary_index.#": "0",
                            "name": "AccessPolicies",
                            "range_key": "id",
                            "read_capacity": "10",
                            "tags.%": "1",
                            "tags.ENVIRONMENT": "moodindex-api",
                            "write_capacity": "10"
                        },
                        "meta": {
                            "schema_version": "1"
                        },
                        "tainted": false
                    },
                    "deposed": [],
                    "provider": ""
                },
                "aws_dynamodb_table.moods-table": {
                    "type": "aws_dynamodb_table",
                    "depends_on": [],
                    "primary": {
                        "id": "Moods",
                        "attributes": {
                            "arn": "arn:aws:dynamodb:ap-northeast-1:748453496130:table/Moods",
                            "attribute.#": "3",
                            "attribute.1389737457.name": "created",
                            "attribute.1389737457.type": "S",
                            "attribute.3061067797.name": "value",
                            "attribute.3061067797.type": "N",
                            "attribute.3694737730.name": "ownerId",
                            "attribute.3694737730.type": "S",
                            "global_secondary_index.#": "1",
                            "global_secondary_index.2190015596.hash_key": "value",
                            "global_secondary_index.2190015596.name": "valueIndex",
                            "global_secondary_index.2190015596.non_key_attributes.#": "0",
                            "global_secondary_index.2190015596.projection_type": "KEYS_ONLY",
                            "global_secondary_index.2190015596.range_key": "",
                            "global_secondary_index.2190015596.read_capacity": "10",
                            "global_secondary_index.2190015596.write_capacity": "10",
                            "hash_key": "ownerId",
                            "id": "Moods",
                            "local_secondary_index.#": "0",
                            "name": "Moods",
                            "range_key": "created",
                            "read_capacity": "10",
                            "tags.%": "1",
                            "tags.ENVIRONMENT": "moodindex-api",
                            "write_capacity": "10"
                        },
                        "meta": {
                            "schema_version": "1"
                        },
                        "tainted": false
                    },
                    "deposed": [],
                    "provider": ""
                },
                "aws_dynamodb_table.reacts-table": {
                    "type": "aws_dynamodb_table",
                    "depends_on": [],
                    "primary": {
                        "id": "Reacts",
                        "attributes": {
                            "arn": "arn:aws:dynamodb:ap-northeast-1:748453496130:table/Reacts",
                            "attribute.#": "3",
                            "attribute.3061067797.name": "value",
                            "attribute.3061067797.type": "N",
                            "attribute.3694737730.name": "ownerId",
                            "attribute.3694737730.type": "S",
                            "attribute.4228504427.name": "id",
                            "attribute.4228504427.type": "S",
                            "global_secondary_index.#": "0",
                            "hash_key": "id",
                            "id": "Reacts",
                            "local_secondary_index.#": "1",
                            "local_secondary_index.2456329352.name": "valueIndex",
                            "local_secondary_index.2456329352.non_key_attributes.#": "0",
                            "local_secondary_index.2456329352.projection_type": "KEYS_ONLY",
                            "local_secondary_index.2456329352.range_key": "value",
                            "name": "Reacts",
                            "range_key": "ownerId",
                            "read_capacity": "10",
                            "tags.%": "1",
                            "tags.ENVIRONMENT": "moodindex-api",
                            "write_capacity": "10"
                        },
                        "meta": {
                            "schema_version": "1"
                        },
                        "tainted": false
                    },
                    "deposed": [],
                    "provider": ""
                },
                "aws_dynamodb_table.users-table": {
                    "type": "aws_dynamodb_table",
                    "depends_on": [],
                    "primary": {
                        "id": "Users",
                        "attributes": {
                            "arn": "arn:aws:dynamodb:ap-northeast-1:748453496130:table/Users",
                            "attribute.#": "2",
                            "attribute.1497631073.name": "username",
                            "attribute.1497631073.type": "S",
                            "attribute.4228504427.name": "id",
                            "attribute.4228504427.type": "S",
                            "global_secondary_index.#": "1",
                            "global_secondary_index.3883555434.hash_key": "username",
                            "global_secondary_index.3883555434.name": "usernameIndex",
                            "global_secondary_index.3883555434.non_key_attributes.#": "1",
                            "global_secondary_index.3883555434.non_key_attributes.0": "password",
                            "global_secondary_index.3883555434.projection_type": "INCLUDE",
                            "global_secondary_index.3883555434.range_key": "",
                            "global_secondary_index.3883555434.read_capacity": "10",
                            "global_secondary_index.3883555434.write_capacity": "10",
                            "hash_key": "id",
                            "id": "Users",
                            "local_secondary_index.#": "0",
                            "name": "Users",
                            "read_capacity": "10",
                            "tags.%": "1",
                            "tags.ENVIRONMENT": "moodindex-api",
                            "write_capacity": "10"
                        },
                        "meta": {
                            "schema_version": "1"
                        },
                        "tainted": false
                    },
                    "deposed": [],
                    "provider": ""
                }
            },
            "depends_on": []
        },
        {
            "path": [
                "root",
                "db_tables"
            ],
            "outputs": {},
            "resources": {},
            "depends_on": []
        }
    ]
}
