{
    "version": 3,
    "terraform_version": "0.9.4",
    "serial": 5,
    "lineage": "917956b0-b925-4ea8-ba3e-28b1a685323d",
    "modules": [
        {
            "path": [
                "root"
            ],
            "outputs": {},
            "resources": {},
            "depends_on": []
        },
        {
            "path": [
                "root",
                "api-gateway"
            ],
            "outputs": {},
            "resources": {
                "aws_api_gateway_authorizer.moodindex-auth": {
                    "type": "aws_api_gateway_authorizer",
                    "depends_on": [
                        "aws_api_gateway_rest_api.moodindex-api",
                        "aws_iam_role.lambda"
                    ],
                    "primary": {
                        "id": "of1orm",
                        "attributes": {
                            "authorizer_credentials": "arn:aws:iam::889274615573:role/lambda-authorizer",
                            "authorizer_result_ttl_in_seconds": "0",
                            "authorizer_uri": "arn:aws:apigateway:ap-northeast-1:lambda:path/2015-03-31/functions/arn:aws:lambda:ap-northeast-1:889274615573:function:moodindex-api_authorizer:$LATEST/invocations",
                            "id": "of1orm",
                            "identity_source": "method.request.header.Authorization",
                            "identity_validation_expression": "",
                            "name": "moodindex-auth",
                            "rest_api_id": "odmajrbyb7",
                            "type": "TOKEN"
                        },
                        "meta": {},
                        "tainted": false
                    },
                    "deposed": [],
                    "provider": ""
                },
                "aws_api_gateway_integration.create-mood-integration": {
                    "type": "aws_api_gateway_integration",
                    "depends_on": [
                        "aws_api_gateway_resource.moods",
                        "aws_api_gateway_rest_api.moodindex-api"
                    ],
                    "primary": {
                        "id": "agi-odmajrbyb7-dc4mrj-POST",
                        "attributes": {
                            "http_method": "POST",
                            "id": "agi-odmajrbyb7-dc4mrj-POST",
                            "integration_http_method": "POST",
                            "passthrough_behavior": "WHEN_NO_MATCH",
                            "request_parameters.%": "0",
                            "request_templates.%": "1",
                            "request_templates.application/json": "    {\n      \"body\": $input.json($)\n    }\n",
                            "resource_id": "dc4mrj",
                            "rest_api_id": "odmajrbyb7",
                            "type": "AWS",
                            "uri": "arn:aws:apigateway:ap-northeast-1:lambda:path/2015-03-31/functions/arn:aws:lambda:ap-northeast-1:889274615573:function:moodindex-api_createmood:$LATEST/invocations"
                        },
                        "meta": {},
                        "tainted": false
                    },
                    "deposed": [],
                    "provider": ""
                },
                "aws_api_gateway_integration.list-moods-integration": {
                    "type": "aws_api_gateway_integration",
                    "depends_on": [
                        "aws_api_gateway_resource.moods",
                        "aws_api_gateway_rest_api.moodindex-api"
                    ],
                    "primary": {
                        "id": "agi-odmajrbyb7-dc4mrj-GET",
                        "attributes": {
                            "http_method": "GET",
                            "id": "agi-odmajrbyb7-dc4mrj-GET",
                            "integration_http_method": "GET",
                            "passthrough_behavior": "WHEN_NO_MATCH",
                            "request_parameters.%": "0",
                            "request_templates.%": "1",
                            "request_templates.application/json": "    {\n      \"principalId\": $context.authorizer.principalId,\n      \"queryParams\": {\n        \"pageSize\": $input.params('pageSize'),\n        \"currentIndex\": {\n          \"ownerId\": $input.params('ownerId'),\n          \"created\": $input.params('created')\n        }\n      }\n    }\n",
                            "resource_id": "dc4mrj",
                            "rest_api_id": "odmajrbyb7",
                            "type": "AWS",
                            "uri": "arn:aws:apigateway:ap-northeast-1:lambda:path/2015-03-31/functions/arn:aws:lambda:ap-northeast-1:889274615573:function:moodindex-api_listmoods:$LATEST/invocations"
                        },
                        "meta": {},
                        "tainted": false
                    },
                    "deposed": [],
                    "provider": ""
                },
                "aws_api_gateway_integration_response.create-mood-integration-response200": {
                    "type": "aws_api_gateway_integration_response",
                    "depends_on": [
                        "aws_api_gateway_integration.create-mood-integration",
                        "aws_api_gateway_method_response.create-mood-200-response",
                        "aws_api_gateway_resource.moods",
                        "aws_api_gateway_rest_api.moodindex-api"
                    ],
                    "primary": {
                        "id": "agir-odmajrbyb7-dc4mrj-POST-200",
                        "attributes": {
                            "http_method": "POST",
                            "id": "agir-odmajrbyb7-dc4mrj-POST-200",
                            "resource_id": "dc4mrj",
                            "response_parameters.%": "1",
                            "response_parameters.method.response.header.Access-Control-Allow-Origin": "'*'",
                            "response_templates.%": "1",
                            "response_templates.application/json": "    {\n      \"principalId\": $context.authorizer.principalId,\n      \"body\": $input.json($)\n    }\n",
                            "rest_api_id": "odmajrbyb7",
                            "selection_pattern": "",
                            "status_code": "200"
                        },
                        "meta": {},
                        "tainted": false
                    },
                    "deposed": [],
                    "provider": ""
                },
                "aws_api_gateway_integration_response.create-mood-integration-response400": {
                    "type": "aws_api_gateway_integration_response",
                    "depends_on": [
                        "aws_api_gateway_integration.create-mood-integration",
                        "aws_api_gateway_method_response.create-mood-400-response",
                        "aws_api_gateway_resource.moods",
                        "aws_api_gateway_rest_api.moodindex-api"
                    ],
                    "primary": {
                        "id": "agir-odmajrbyb7-dc4mrj-POST-400",
                        "attributes": {
                            "http_method": "POST",
                            "id": "agir-odmajrbyb7-dc4mrj-POST-400",
                            "resource_id": "dc4mrj",
                            "response_parameters.%": "1",
                            "response_parameters.method.response.header.Access-Control-Allow-Origin": "'*'",
                            "response_templates.%": "1",
                            "response_templates.application/json": "  #set ($errorMessageObj = $util.parseJson($input.path('$.errorMessage')) {\n    \"message\" : \"$errorMessageObj.message\"\n  }\n",
                            "rest_api_id": "odmajrbyb7",
                            "selection_pattern": ".*\"NotFound\".*",
                            "status_code": "400"
                        },
                        "meta": {},
                        "tainted": false
                    },
                    "deposed": [],
                    "provider": ""
                },
                "aws_api_gateway_integration_response.list-moods-integration-response200": {
                    "type": "aws_api_gateway_integration_response",
                    "depends_on": [
                        "aws_api_gateway_integration.list-moods-integration",
                        "aws_api_gateway_method_response.list-moods-200-response",
                        "aws_api_gateway_resource.moods",
                        "aws_api_gateway_rest_api.moodindex-api"
                    ],
                    "primary": {
                        "id": "agir-odmajrbyb7-dc4mrj-GET-200",
                        "attributes": {
                            "http_method": "GET",
                            "id": "agir-odmajrbyb7-dc4mrj-GET-200",
                            "resource_id": "dc4mrj",
                            "response_parameters.%": "1",
                            "response_parameters.method.response.header.Access-Control-Allow-Origin": "'*'",
                            "response_templates.%": "1",
                            "response_templates.application/json": "    {\n      \"body\": $input.json($)\n    }\n",
                            "rest_api_id": "odmajrbyb7",
                            "selection_pattern": "",
                            "status_code": "200"
                        },
                        "meta": {},
                        "tainted": false
                    },
                    "deposed": [],
                    "provider": ""
                },
                "aws_api_gateway_integration_response.list-moods-integration-response400": {
                    "type": "aws_api_gateway_integration_response",
                    "depends_on": [
                        "aws_api_gateway_integration.list-moods-integration",
                        "aws_api_gateway_method_response.list-moods-400-response",
                        "aws_api_gateway_resource.moods",
                        "aws_api_gateway_rest_api.moodindex-api"
                    ],
                    "primary": {
                        "id": "agir-odmajrbyb7-dc4mrj-GET-400",
                        "attributes": {
                            "http_method": "GET",
                            "id": "agir-odmajrbyb7-dc4mrj-GET-400",
                            "resource_id": "dc4mrj",
                            "response_parameters.%": "1",
                            "response_parameters.method.response.header.Access-Control-Allow-Origin": "'*'",
                            "response_templates.%": "1",
                            "response_templates.application/json": "  #set ($errorMessageObj = $util.parseJson($input.path('$.errorMessage')) {\n    \"message\" : \"$errorMessageObj.message\"\n  }\n",
                            "rest_api_id": "odmajrbyb7",
                            "selection_pattern": ".*\"NotFound\".*",
                            "status_code": "400"
                        },
                        "meta": {},
                        "tainted": false
                    },
                    "deposed": [],
                    "provider": ""
                },
                "aws_api_gateway_method.create-mood": {
                    "type": "aws_api_gateway_method",
                    "depends_on": [
                        "aws_api_gateway_authorizer.moodindex-auth",
                        "aws_api_gateway_resource.moods",
                        "aws_api_gateway_rest_api.moodindex-api"
                    ],
                    "primary": {
                        "id": "agm-odmajrbyb7-dc4mrj-POST",
                        "attributes": {
                            "api_key_required": "false",
                            "authorization": "CUSTOM",
                            "authorizer_id": "of1orm",
                            "http_method": "POST",
                            "id": "agm-odmajrbyb7-dc4mrj-POST",
                            "request_models.%": "0",
                            "request_parameters.%": "1",
                            "request_parameters.method.request.header.Authorization": "true",
                            "resource_id": "dc4mrj",
                            "rest_api_id": "odmajrbyb7"
                        },
                        "meta": {},
                        "tainted": false
                    },
                    "deposed": [],
                    "provider": ""
                },
                "aws_api_gateway_method.list-moods": {
                    "type": "aws_api_gateway_method",
                    "depends_on": [
                        "aws_api_gateway_authorizer.moodindex-auth",
                        "aws_api_gateway_resource.moods",
                        "aws_api_gateway_rest_api.moodindex-api"
                    ],
                    "primary": {
                        "id": "agm-odmajrbyb7-dc4mrj-GET",
                        "attributes": {
                            "api_key_required": "false",
                            "authorization": "CUSTOM",
                            "authorizer_id": "of1orm",
                            "http_method": "GET",
                            "id": "agm-odmajrbyb7-dc4mrj-GET",
                            "request_models.%": "0",
                            "request_parameters.%": "1",
                            "request_parameters.method.request.header.Authorization": "true",
                            "resource_id": "dc4mrj",
                            "rest_api_id": "odmajrbyb7"
                        },
                        "meta": {},
                        "tainted": false
                    },
                    "deposed": [],
                    "provider": ""
                },
                "aws_api_gateway_method_response.create-mood-200-response": {
                    "type": "aws_api_gateway_method_response",
                    "depends_on": [
                        "aws_api_gateway_integration.create-mood-integration",
                        "aws_api_gateway_resource.moods",
                        "aws_api_gateway_rest_api.moodindex-api"
                    ],
                    "primary": {
                        "id": "agmr-odmajrbyb7-dc4mrj-POST-200",
                        "attributes": {
                            "http_method": "POST",
                            "id": "agmr-odmajrbyb7-dc4mrj-POST-200",
                            "resource_id": "dc4mrj",
                            "response_models.%": "0",
                            "response_parameters.%": "1",
                            "response_parameters.method.response.header.Access-Control-Allow-Origin": "true",
                            "rest_api_id": "odmajrbyb7",
                            "status_code": "200"
                        },
                        "meta": {},
                        "tainted": false
                    },
                    "deposed": [],
                    "provider": ""
                },
                "aws_api_gateway_method_response.create-mood-400-response": {
                    "type": "aws_api_gateway_method_response",
                    "depends_on": [
                        "aws_api_gateway_integration.create-mood-integration",
                        "aws_api_gateway_resource.moods",
                        "aws_api_gateway_rest_api.moodindex-api"
                    ],
                    "primary": {
                        "id": "agmr-odmajrbyb7-dc4mrj-POST-400",
                        "attributes": {
                            "http_method": "POST",
                            "id": "agmr-odmajrbyb7-dc4mrj-POST-400",
                            "resource_id": "dc4mrj",
                            "response_models.%": "1",
                            "response_models.application/json": "Error",
                            "response_parameters.%": "1",
                            "response_parameters.method.response.header.Access-Control-Allow-Origin": "true",
                            "rest_api_id": "odmajrbyb7",
                            "status_code": "400"
                        },
                        "meta": {},
                        "tainted": false
                    },
                    "deposed": [],
                    "provider": ""
                },
                "aws_api_gateway_method_response.list-moods-200-response": {
                    "type": "aws_api_gateway_method_response",
                    "depends_on": [
                        "aws_api_gateway_method.list-moods",
                        "aws_api_gateway_resource.moods",
                        "aws_api_gateway_rest_api.moodindex-api"
                    ],
                    "primary": {
                        "id": "agmr-odmajrbyb7-dc4mrj-GET-200",
                        "attributes": {
                            "http_method": "GET",
                            "id": "agmr-odmajrbyb7-dc4mrj-GET-200",
                            "resource_id": "dc4mrj",
                            "response_models.%": "0",
                            "response_parameters.%": "1",
                            "response_parameters.method.response.header.Access-Control-Allow-Origin": "true",
                            "rest_api_id": "odmajrbyb7",
                            "status_code": "200"
                        },
                        "meta": {},
                        "tainted": false
                    },
                    "deposed": [],
                    "provider": ""
                },
                "aws_api_gateway_method_response.list-moods-400-response": {
                    "type": "aws_api_gateway_method_response",
                    "depends_on": [
                        "aws_api_gateway_method.list-moods",
                        "aws_api_gateway_resource.moods",
                        "aws_api_gateway_rest_api.moodindex-api"
                    ],
                    "primary": {
                        "id": "agmr-odmajrbyb7-dc4mrj-GET-400",
                        "attributes": {
                            "http_method": "GET",
                            "id": "agmr-odmajrbyb7-dc4mrj-GET-400",
                            "resource_id": "dc4mrj",
                            "response_models.%": "1",
                            "response_models.application/json": "Error",
                            "response_parameters.%": "1",
                            "response_parameters.method.response.header.Access-Control-Allow-Origin": "true",
                            "rest_api_id": "odmajrbyb7",
                            "status_code": "400"
                        },
                        "meta": {},
                        "tainted": false
                    },
                    "deposed": [],
                    "provider": ""
                },
                "aws_api_gateway_resource.mood-by-id": {
                    "type": "aws_api_gateway_resource",
                    "depends_on": [
                        "aws_api_gateway_resource.moods",
                        "aws_api_gateway_rest_api.moodindex-api"
                    ],
                    "primary": {
                        "id": "y52ize",
                        "attributes": {
                            "id": "y52ize",
                            "parent_id": "dc4mrj",
                            "path": "/moods/{moodId}",
                            "path_part": "{moodId}",
                            "rest_api_id": "odmajrbyb7"
                        },
                        "meta": {},
                        "tainted": false
                    },
                    "deposed": [],
                    "provider": ""
                },
                "aws_api_gateway_resource.mood-reacts": {
                    "type": "aws_api_gateway_resource",
                    "depends_on": [
                        "aws_api_gateway_resource.mood-by-id",
                        "aws_api_gateway_resource.moods",
                        "aws_api_gateway_rest_api.moodindex-api"
                    ],
                    "primary": {
                        "id": "0h7j55",
                        "attributes": {
                            "id": "0h7j55",
                            "parent_id": "y52ize",
                            "path": "/moods/{moodId}/reacts",
                            "path_part": "reacts",
                            "rest_api_id": "odmajrbyb7"
                        },
                        "meta": {},
                        "tainted": false
                    },
                    "deposed": [],
                    "provider": ""
                },
                "aws_api_gateway_resource.moods": {
                    "type": "aws_api_gateway_resource",
                    "depends_on": [
                        "aws_api_gateway_rest_api.moodindex-api"
                    ],
                    "primary": {
                        "id": "dc4mrj",
                        "attributes": {
                            "id": "dc4mrj",
                            "parent_id": "pzqbh9sm8a",
                            "path": "/moods",
                            "path_part": "moods",
                            "rest_api_id": "odmajrbyb7"
                        },
                        "meta": {},
                        "tainted": false
                    },
                    "deposed": [],
                    "provider": ""
                },
                "aws_api_gateway_resource.user-by-id": {
                    "type": "aws_api_gateway_resource",
                    "depends_on": [
                        "aws_api_gateway_resource.users",
                        "aws_api_gateway_rest_api.moodindex-api"
                    ],
                    "primary": {
                        "id": "r0gq3k",
                        "attributes": {
                            "id": "r0gq3k",
                            "parent_id": "n6codv",
                            "path": "/users/{userId}",
                            "path_part": "{userId}",
                            "rest_api_id": "odmajrbyb7"
                        },
                        "meta": {},
                        "tainted": false
                    },
                    "deposed": [],
                    "provider": ""
                },
                "aws_api_gateway_resource.users": {
                    "type": "aws_api_gateway_resource",
                    "depends_on": [
                        "aws_api_gateway_rest_api.moodindex-api"
                    ],
                    "primary": {
                        "id": "n6codv",
                        "attributes": {
                            "id": "n6codv",
                            "parent_id": "pzqbh9sm8a",
                            "path": "/users",
                            "path_part": "users",
                            "rest_api_id": "odmajrbyb7"
                        },
                        "meta": {},
                        "tainted": false
                    },
                    "deposed": [],
                    "provider": ""
                },
                "aws_api_gateway_rest_api.moodindex-api": {
                    "type": "aws_api_gateway_rest_api",
                    "depends_on": [],
                    "primary": {
                        "id": "odmajrbyb7",
                        "attributes": {
                            "binary_media_types.#": "0",
                            "created_date": "2017-07-04T10:44:01Z",
                            "description": "Mood Index dev API",
                            "id": "odmajrbyb7",
                            "name": "moodindex-dev",
                            "root_resource_id": "pzqbh9sm8a"
                        },
                        "meta": {},
                        "tainted": false
                    },
                    "deposed": [],
                    "provider": ""
                },
                "aws_iam_role.lambda": {
                    "type": "aws_iam_role",
                    "depends_on": [],
                    "primary": {
                        "id": "lambda-authorizer",
                        "attributes": {
                            "arn": "arn:aws:iam::889274615573:role/lambda-authorizer",
                            "assume_role_policy": "{\"Version\":\"2012-10-17\",\"Statement\":[{\"Sid\":\"\",\"Effect\":\"Allow\",\"Principal\":{\"Service\":\"apigateway.amazonaws.com\"},\"Action\":\"sts:AssumeRole\"}]}",
                            "create_date": "2017-07-04T11:01:52Z",
                            "id": "lambda-authorizer",
                            "name": "lambda-authorizer",
                            "path": "/",
                            "unique_id": "AROAIKHWIK2JL4MQBH5ZG"
                        },
                        "meta": {},
                        "tainted": false
                    },
                    "deposed": [],
                    "provider": ""
                }
            },
            "depends_on": []
        },
        {
            "path": [
                "root",
                "db-tables"
            ],
            "outputs": {},
            "resources": {
                "aws_dynamodb_table.access-policies-table": {
                    "type": "aws_dynamodb_table",
                    "depends_on": [],
                    "primary": {
                        "id": "devAccessPolicies",
                        "attributes": {
                            "arn": "arn:aws:dynamodb:ap-northeast-1:889274615573:table/devAccessPolicies",
                            "attribute.#": "2",
                            "attribute.4228504427.name": "id",
                            "attribute.4228504427.type": "S",
                            "attribute.864478741.name": "userType",
                            "attribute.864478741.type": "S",
                            "global_secondary_index.#": "0",
                            "hash_key": "userType",
                            "id": "devAccessPolicies",
                            "local_secondary_index.#": "0",
                            "name": "devAccessPolicies",
                            "range_key": "id",
                            "read_capacity": "10",
                            "tags.%": "1",
                            "tags.ENVIRONMENT": "dev",
                            "write_capacity": "10"
                        },
                        "meta": {
                            "schema_version": "1"
                        },
                        "tainted": false
                    },
                    "deposed": [],
                    "provider": ""
                },
                "aws_dynamodb_table.moods-table": {
                    "type": "aws_dynamodb_table",
                    "depends_on": [],
                    "primary": {
                        "id": "devMoods",
                        "attributes": {
                            "arn": "arn:aws:dynamodb:ap-northeast-1:889274615573:table/devMoods",
                            "attribute.#": "3",
                            "attribute.1389737457.name": "created",
                            "attribute.1389737457.type": "S",
                            "attribute.3061067797.name": "value",
                            "attribute.3061067797.type": "N",
                            "attribute.3694737730.name": "ownerId",
                            "attribute.3694737730.type": "S",
                            "global_secondary_index.#": "1",
                            "global_secondary_index.2190015596.hash_key": "value",
                            "global_secondary_index.2190015596.name": "valueIndex",
                            "global_secondary_index.2190015596.non_key_attributes.#": "0",
                            "global_secondary_index.2190015596.projection_type": "KEYS_ONLY",
                            "global_secondary_index.2190015596.range_key": "",
                            "global_secondary_index.2190015596.read_capacity": "10",
                            "global_secondary_index.2190015596.write_capacity": "10",
                            "hash_key": "ownerId",
                            "id": "devMoods",
                            "local_secondary_index.#": "0",
                            "name": "devMoods",
                            "range_key": "created",
                            "read_capacity": "10",
                            "tags.%": "1",
                            "tags.ENVIRONMENT": "dev",
                            "write_capacity": "10"
                        },
                        "meta": {
                            "schema_version": "1"
                        },
                        "tainted": false
                    },
                    "deposed": [],
                    "provider": ""
                },
                "aws_dynamodb_table.reacts-table": {
                    "type": "aws_dynamodb_table",
                    "depends_on": [],
                    "primary": {
                        "id": "devReacts",
                        "attributes": {
                            "arn": "arn:aws:dynamodb:ap-northeast-1:889274615573:table/devReacts",
                            "attribute.#": "3",
                            "attribute.3061067797.name": "value",
                            "attribute.3061067797.type": "N",
                            "attribute.3694737730.name": "ownerId",
                            "attribute.3694737730.type": "S",
                            "attribute.4228504427.name": "id",
                            "attribute.4228504427.type": "S",
                            "global_secondary_index.#": "0",
                            "hash_key": "id",
                            "id": "devReacts",
                            "local_secondary_index.#": "1",
                            "local_secondary_index.2456329352.name": "valueIndex",
                            "local_secondary_index.2456329352.non_key_attributes.#": "0",
                            "local_secondary_index.2456329352.projection_type": "KEYS_ONLY",
                            "local_secondary_index.2456329352.range_key": "value",
                            "name": "devReacts",
                            "range_key": "ownerId",
                            "read_capacity": "10",
                            "tags.%": "1",
                            "tags.ENVIRONMENT": "dev",
                            "write_capacity": "10"
                        },
                        "meta": {
                            "schema_version": "1"
                        },
                        "tainted": false
                    },
                    "deposed": [],
                    "provider": ""
                },
                "aws_dynamodb_table.users-table": {
                    "type": "aws_dynamodb_table",
                    "depends_on": [],
                    "primary": {
                        "id": "devUsers",
                        "attributes": {
                            "arn": "arn:aws:dynamodb:ap-northeast-1:889274615573:table/devUsers",
                            "attribute.#": "2",
                            "attribute.1497631073.name": "username",
                            "attribute.1497631073.type": "S",
                            "attribute.4228504427.name": "id",
                            "attribute.4228504427.type": "S",
                            "global_secondary_index.#": "1",
                            "global_secondary_index.3883555434.hash_key": "username",
                            "global_secondary_index.3883555434.name": "usernameIndex",
                            "global_secondary_index.3883555434.non_key_attributes.#": "1",
                            "global_secondary_index.3883555434.non_key_attributes.0": "password",
                            "global_secondary_index.3883555434.projection_type": "INCLUDE",
                            "global_secondary_index.3883555434.range_key": "",
                            "global_secondary_index.3883555434.read_capacity": "10",
                            "global_secondary_index.3883555434.write_capacity": "10",
                            "hash_key": "id",
                            "id": "devUsers",
                            "local_secondary_index.#": "0",
                            "name": "devUsers",
                            "read_capacity": "10",
                            "tags.%": "1",
                            "tags.ENVIRONMENT": "dev",
                            "write_capacity": "10"
                        },
                        "meta": {
                            "schema_version": "1"
                        },
                        "tainted": false
                    },
                    "deposed": [],
                    "provider": ""
                }
            },
            "depends_on": []
        },
        {
            "path": [
                "root",
                "db_tables"
            ],
            "outputs": {},
            "resources": {},
            "depends_on": []
        }
    ]
}
