{
    "version": 3,
    "terraform_version": "0.9.4",
    "serial": 0,
    "lineage": "917956b0-b925-4ea8-ba3e-28b1a685323d",
    "modules": [
        {
            "path": [
                "root"
            ],
            "outputs": {},
            "resources": {},
            "depends_on": []
        },
        {
            "path": [
                "root",
                "db_tables"
            ],
            "outputs": {},
            "resources": {
                "aws_dynamodb_table.access-policies-table": {
                    "type": "aws_dynamodb_table",
                    "depends_on": [],
                    "primary": {
                        "id": "devAccessPolicies",
                        "attributes": {
                            "arn": "arn:aws:dynamodb:ap-northeast-1:889274615573:table/devAccessPolicies",
                            "attribute.#": "2",
                            "attribute.4228504427.name": "id",
                            "attribute.4228504427.type": "S",
                            "attribute.864478741.name": "userType",
                            "attribute.864478741.type": "S",
                            "global_secondary_index.#": "0",
                            "hash_key": "userType",
                            "id": "devAccessPolicies",
                            "local_secondary_index.#": "0",
                            "name": "devAccessPolicies",
                            "range_key": "id",
                            "read_capacity": "10",
                            "tags.%": "1",
                            "tags.ENVIRONMENT": "dev",
                            "write_capacity": "10"
                        },
                        "meta": {
                            "schema_version": "1"
                        },
                        "tainted": false
                    },
                    "deposed": [],
                    "provider": ""
                },
                "aws_dynamodb_table.moods-table": {
                    "type": "aws_dynamodb_table",
                    "depends_on": [],
                    "primary": {
                        "id": "devMoods",
                        "attributes": {
                            "arn": "arn:aws:dynamodb:ap-northeast-1:889274615573:table/devMoods",
                            "attribute.#": "3",
                            "attribute.1389737457.name": "created",
                            "attribute.1389737457.type": "S",
                            "attribute.3061067797.name": "value",
                            "attribute.3061067797.type": "N",
                            "attribute.3694737730.name": "ownerId",
                            "attribute.3694737730.type": "S",
                            "global_secondary_index.#": "1",
                            "global_secondary_index.2190015596.hash_key": "value",
                            "global_secondary_index.2190015596.name": "valueIndex",
                            "global_secondary_index.2190015596.non_key_attributes.#": "0",
                            "global_secondary_index.2190015596.projection_type": "KEYS_ONLY",
                            "global_secondary_index.2190015596.range_key": "",
                            "global_secondary_index.2190015596.read_capacity": "10",
                            "global_secondary_index.2190015596.write_capacity": "10",
                            "hash_key": "ownerId",
                            "id": "devMoods",
                            "local_secondary_index.#": "0",
                            "name": "devMoods",
                            "range_key": "created",
                            "read_capacity": "10",
                            "tags.%": "1",
                            "tags.ENVIRONMENT": "dev",
                            "write_capacity": "10"
                        },
                        "meta": {
                            "schema_version": "1"
                        },
                        "tainted": false
                    },
                    "deposed": [],
                    "provider": ""
                },
                "aws_dynamodb_table.reacts-table": {
                    "type": "aws_dynamodb_table",
                    "depends_on": [],
                    "primary": {
                        "id": "devReacts",
                        "attributes": {
                            "arn": "arn:aws:dynamodb:ap-northeast-1:889274615573:table/devReacts",
                            "attribute.#": "3",
                            "attribute.3061067797.name": "value",
                            "attribute.3061067797.type": "N",
                            "attribute.3694737730.name": "ownerId",
                            "attribute.3694737730.type": "S",
                            "attribute.4228504427.name": "id",
                            "attribute.4228504427.type": "S",
                            "global_secondary_index.#": "0",
                            "hash_key": "id",
                            "id": "devReacts",
                            "local_secondary_index.#": "1",
                            "local_secondary_index.2456329352.name": "valueIndex",
                            "local_secondary_index.2456329352.non_key_attributes.#": "0",
                            "local_secondary_index.2456329352.projection_type": "KEYS_ONLY",
                            "local_secondary_index.2456329352.range_key": "value",
                            "name": "devReacts",
                            "range_key": "ownerId",
                            "read_capacity": "10",
                            "tags.%": "1",
                            "tags.ENVIRONMENT": "dev",
                            "write_capacity": "10"
                        },
                        "meta": {
                            "schema_version": "1"
                        },
                        "tainted": false
                    },
                    "deposed": [],
                    "provider": ""
                },
                "aws_dynamodb_table.users-table": {
                    "type": "aws_dynamodb_table",
                    "depends_on": [],
                    "primary": {
                        "id": "devUsers",
                        "attributes": {
                            "arn": "arn:aws:dynamodb:ap-northeast-1:889274615573:table/devUsers",
                            "attribute.#": "2",
                            "attribute.1497631073.name": "username",
                            "attribute.1497631073.type": "S",
                            "attribute.4228504427.name": "id",
                            "attribute.4228504427.type": "S",
                            "global_secondary_index.#": "1",
                            "global_secondary_index.3883555434.hash_key": "username",
                            "global_secondary_index.3883555434.name": "usernameIndex",
                            "global_secondary_index.3883555434.non_key_attributes.#": "1",
                            "global_secondary_index.3883555434.non_key_attributes.0": "password",
                            "global_secondary_index.3883555434.projection_type": "INCLUDE",
                            "global_secondary_index.3883555434.range_key": "",
                            "global_secondary_index.3883555434.read_capacity": "10",
                            "global_secondary_index.3883555434.write_capacity": "10",
                            "hash_key": "id",
                            "id": "devUsers",
                            "local_secondary_index.#": "0",
                            "name": "devUsers",
                            "read_capacity": "10",
                            "tags.%": "1",
                            "tags.ENVIRONMENT": "dev",
                            "write_capacity": "10"
                        },
                        "meta": {
                            "schema_version": "1"
                        },
                        "tainted": false
                    },
                    "deposed": [],
                    "provider": ""
                }
            },
            "depends_on": []
        }
    ]
}
